// !$*UTF8*$!
{
	archiveVersion = 1;
	classes = {
	};
	objectVersion = 46;
	objects = {

/* Begin PBXBuildFile section */
		57DD011A1F0EB84300441B3A /* AppDelegate.swift in Sources */ = {isa = PBXBuildFile; fileRef = 57DD01191F0EB84300441B3A /* AppDelegate.swift */; };
		57DD011C1F0EB84300441B3A /* ViewController.swift in Sources */ = {isa = PBXBuildFile; fileRef = 57DD011B1F0EB84300441B3A /* ViewController.swift */; };
		57DD011F1F0EB84300441B3A /* Main.storyboard in Resources */ = {isa = PBXBuildFile; fileRef = 57DD011D1F0EB84300441B3A /* Main.storyboard */; };
		57DD01211F0EB84300441B3A /* Assets.xcassets in Resources */ = {isa = PBXBuildFile; fileRef = 57DD01201F0EB84300441B3A /* Assets.xcassets */; };
		57DD01241F0EB84300441B3A /* LaunchScreen.storyboard in Resources */ = {isa = PBXBuildFile; fileRef = 57DD01221F0EB84300441B3A /* LaunchScreen.storyboard */; };
		57DD012C1F0EB8CC00441B3A /* GoogleService-Info.plist in Resources */ = {isa = PBXBuildFile; fileRef = 57DD012B1F0EB8CC00441B3A /* GoogleService-Info.plist */; };
		57DD012E1F0EC69F00441B3A /* EntrarViewController.swift in Sources */ = {isa = PBXBuildFile; fileRef = 57DD012D1F0EC69F00441B3A /* EntrarViewController.swift */; };
		57DD01301F0EC6BA00441B3A /* CadastroViewController.swift in Sources */ = {isa = PBXBuildFile; fileRef = 57DD012F1F0EC6BA00441B3A /* CadastroViewController.swift */; };
		57DD01321F0FE45500441B3A /* SnapsViewController.swift in Sources */ = {isa = PBXBuildFile; fileRef = 57DD01311F0FE45500441B3A /* SnapsViewController.swift */; };
		57DD01341F0FE47900441B3A /* FotoViewController.swift in Sources */ = {isa = PBXBuildFile; fileRef = 57DD01331F0FE47900441B3A /* FotoViewController.swift */; };
		57DD013A1F15606400441B3A /* Alerta.swift in Sources */ = {isa = PBXBuildFile; fileRef = 57DD01391F15606400441B3A /* Alerta.swift */; };
		57DD013C1F16519B00441B3A /* UsuariosTableViewController.swift in Sources */ = {isa = PBXBuildFile; fileRef = 57DD013B1F16519B00441B3A /* UsuariosTableViewController.swift */; };
		57DD013E1F16553000441B3A /* Usuario.swift in Sources */ = {isa = PBXBuildFile; fileRef = 57DD013D1F16553000441B3A /* Usuario.swift */; };
		57DD01401F1664D500441B3A /* Snap.swift in Sources */ = {isa = PBXBuildFile; fileRef = 57DD013F1F1664D500441B3A /* Snap.swift */; };
		57DD01421F169B4000441B3A /* DetalhesSnapViewController.swift in Sources */ = {isa = PBXBuildFile; fileRef = 57DD01411F169B4000441B3A /* DetalhesSnapViewController.swift */; };
		D731DEB245AD736570E12122 /* Pods_Snapchat.framework in Frameworks */ = {isa = PBXBuildFile; fileRef = 4EB44BB335D0DD5A55CC657F /* Pods_Snapchat.framework */; };
/* End PBXBuildFile section */

/* Begin PBXFileReference section */
		4EB44BB335D0DD5A55CC657F /* Pods_Snapchat.framework */ = {isa = PBXFileReference; explicitFileType = wrapper.framework; includeInIndex = 0; path = Pods_Snapchat.framework; sourceTree = BUILT_PRODUCTS_DIR; };
		57DD01161F0EB84300441B3A /* Snapchat.app */ = {isa = PBXFileReference; explicitFileType = wrapper.application; includeInIndex = 0; path = Snapchat.app; sourceTree = BUILT_PRODUCTS_DIR; };
		57DD01191F0EB84300441B3A /* AppDelegate.swift */ = {isa = PBXFileReference; lastKnownFileType = sourcecode.swift; path = AppDelegate.swift; sourceTree = "<group>"; };
		57DD011B1F0EB84300441B3A /* ViewController.swift */ = {isa = PBXFileReference; lastKnownFileType = sourcecode.swift; path = ViewController.swift; sourceTree = "<group>"; };
		57DD011E1F0EB84300441B3A /* Base */ = {isa = PBXFileReference; lastKnownFileType = file.storyboard; name = Base; path = Base.lproj/Main.storyboard; sourceTree = "<group>"; };
		57DD01201F0EB84300441B3A /* Assets.xcassets */ = {isa = PBXFileReference; lastKnownFileType = folder.assetcatalog; path = Assets.xcassets; sourceTree = "<group>"; };
		57DD01231F0EB84300441B3A /* Base */ = {isa = PBXFileReference; lastKnownFileType = file.storyboard; name = Base; path = Base.lproj/LaunchScreen.storyboard; sourceTree = "<group>"; };
		57DD01251F0EB84300441B3A /* Info.plist */ = {isa = PBXFileReference; lastKnownFileType = text.plist.xml; path = Info.plist; sourceTree = "<group>"; };
		57DD012B1F0EB8CC00441B3A /* GoogleService-Info.plist */ = {isa = PBXFileReference; fileEncoding = 4; lastKnownFileType = text.plist.xml; path = "GoogleService-Info.plist"; sourceTree = "<group>"; };
		57DD012D1F0EC69F00441B3A /* EntrarViewController.swift */ = {isa = PBXFileReference; fileEncoding = 4; lastKnownFileType = sourcecode.swift; path = EntrarViewController.swift; sourceTree = "<group>"; };
		57DD012F1F0EC6BA00441B3A /* CadastroViewController.swift */ = {isa = PBXFileReference; fileEncoding = 4; lastKnownFileType = sourcecode.swift; path = CadastroViewController.swift; sourceTree = "<group>"; };
		57DD01311F0FE45500441B3A /* SnapsViewController.swift */ = {isa = PBXFileReference; fileEncoding = 4; lastKnownFileType = sourcecode.swift; path = SnapsViewController.swift; sourceTree = "<group>"; };
		57DD01331F0FE47900441B3A /* FotoViewController.swift */ = {isa = PBXFileReference; fileEncoding = 4; lastKnownFileType = sourcecode.swift; path = FotoViewController.swift; sourceTree = "<group>"; };
		57DD01391F15606400441B3A /* Alerta.swift */ = {isa = PBXFileReference; fileEncoding = 4; lastKnownFileType = sourcecode.swift; path = Alerta.swift; sourceTree = "<group>"; };
		57DD013B1F16519B00441B3A /* UsuariosTableViewController.swift */ = {isa = PBXFileReference; fileEncoding = 4; lastKnownFileType = sourcecode.swift; path = UsuariosTableViewController.swift; sourceTree = "<group>"; };
		57DD013D1F16553000441B3A /* Usuario.swift */ = {isa = PBXFileReference; fileEncoding = 4; lastKnownFileType = sourcecode.swift; path = Usuario.swift; sourceTree = "<group>"; };
		57DD013F1F1664D500441B3A /* Snap.swift */ = {isa = PBXFileReference; fileEncoding = 4; lastKnownFileType = sourcecode.swift; path = Snap.swift; sourceTree = "<group>"; };
		57DD01411F169B4000441B3A /* DetalhesSnapViewController.swift */ = {isa = PBXFileReference; fileEncoding = 4; lastKnownFileType = sourcecode.swift; path = DetalhesSnapViewController.swift; sourceTree = "<group>"; };
		7EE04EB5B06E45E9DD867A76 /* Pods-Snapchat.debug.xcconfig */ = {isa = PBXFileReference; includeInIndex = 1; lastKnownFileType = text.xcconfig; name = "Pods-Snapchat.debug.xcconfig"; path = "Pods/Target Support Files/Pods-Snapchat/Pods-Snapchat.debug.xcconfig"; sourceTree = "<group>"; };
		C32C1A7EADB4A074058B0BB7 /* Pods-Snapchat.release.xcconfig */ = {isa = PBXFileReference; includeInIndex = 1; lastKnownFileType = text.xcconfig; name = "Pods-Snapchat.release.xcconfig"; path = "Pods/Target Support Files/Pods-Snapchat/Pods-Snapchat.release.xcconfig"; sourceTree = "<group>"; };
/* End PBXFileReference section */

/* Begin PBXFrameworksBuildPhase section */
		57DD01131F0EB84300441B3A /* Frameworks */ = {
			isa = PBXFrameworksBuildPhase;
			buildActionMask = 2147483647;
			files = (
				D731DEB245AD736570E12122 /* Pods_Snapchat.framework in Frameworks */,
			);
			runOnlyForDeploymentPostprocessing = 0;
		};
/* End PBXFrameworksBuildPhase section */

/* Begin PBXGroup section */
		090B350C526CEF32FF187D11 /* Frameworks */ = {
			isa = PBXGroup;
			children = (
				4EB44BB335D0DD5A55CC657F /* Pods_Snapchat.framework */,
			);
			name = Frameworks;
			sourceTree = "<group>";
		};
		50C85922B57711B54C22647F /* Pods */ = {
			isa = PBXGroup;
			children = (
				7EE04EB5B06E45E9DD867A76 /* Pods-Snapchat.debug.xcconfig */,
				C32C1A7EADB4A074058B0BB7 /* Pods-Snapchat.release.xcconfig */,
			);
			name = Pods;
			sourceTree = "<group>";
		};
		57DD010D1F0EB84300441B3A = {
			isa = PBXGroup;
			children = (
				57DD01181F0EB84300441B3A /* Snapchat */,
				57DD01171F0EB84300441B3A /* Products */,
				50C85922B57711B54C22647F /* Pods */,
				090B350C526CEF32FF187D11 /* Frameworks */,
			);
			sourceTree = "<group>";
		};
		57DD01171F0EB84300441B3A /* Products */ = {
			isa = PBXGroup;
			children = (
				57DD01161F0EB84300441B3A /* Snapchat.app */,
			);
			name = Products;
			sourceTree = "<group>";
		};
		57DD01181F0EB84300441B3A /* Snapchat */ = {
			isa = PBXGroup;
			children = (
				57DD01381F15601100441B3A /* Modelos */,
				57DD01371F155FED00441B3A /* ViewControllers */,
				57DD01191F0EB84300441B3A /* AppDelegate.swift */,
				57DD011D1F0EB84300441B3A /* Main.storyboard */,
				57DD01201F0EB84300441B3A /* Assets.xcassets */,
				57DD01221F0EB84300441B3A /* LaunchScreen.storyboard */,
				57DD01251F0EB84300441B3A /* Info.plist */,
				57DD012B1F0EB8CC00441B3A /* GoogleService-Info.plist */,
			);
			path = Snapchat;
			sourceTree = "<group>";
		};
		57DD01371F155FED00441B3A /* ViewControllers */ = {
			isa = PBXGroup;
			children = (
				57DD011B1F0EB84300441B3A /* ViewController.swift */,
				57DD012D1F0EC69F00441B3A /* EntrarViewController.swift */,
				57DD012F1F0EC6BA00441B3A /* CadastroViewController.swift */,
				57DD01331F0FE47900441B3A /* FotoViewController.swift */,
				57DD01311F0FE45500441B3A /* SnapsViewController.swift */,
				57DD013B1F16519B00441B3A /* UsuariosTableViewController.swift */,
				57DD01411F169B4000441B3A /* DetalhesSnapViewController.swift */,
			);
			name = ViewControllers;
			sourceTree = "<group>";
		};
		57DD01381F15601100441B3A /* Modelos */ = {
			isa = PBXGroup;
			children = (
				57DD01391F15606400441B3A /* Alerta.swift */,
				57DD013D1F16553000441B3A /* Usuario.swift */,
				57DD013F1F1664D500441B3A /* Snap.swift */,
			);
			name = Modelos;
			sourceTree = "<group>";
		};
/* End PBXGroup section */

/* Begin PBXNativeTarget section */
		57DD01151F0EB84300441B3A /* Snapchat */ = {
			isa = PBXNativeTarget;
			buildConfigurationList = 57DD01281F0EB84300441B3A /* Build configuration list for PBXNativeTarget "Snapchat" */;
			buildPhases = (
				3B745A5146DA40B38F8AD957 /* [CP] Check Pods Manifest.lock */,
				57DD01121F0EB84300441B3A /* Sources */,
				57DD01131F0EB84300441B3A /* Frameworks */,
				57DD01141F0EB84300441B3A /* Resources */,
				AD0359F821214B7AB8A05038 /* [CP] Embed Pods Frameworks */,
				4CE926EB677F2FE283EB8DE3 /* [CP] Copy Pods Resources */,
			);
			buildRules = (
			);
			dependencies = (
			);
			name = Snapchat;
			productName = Snapchat;
			productReference = 57DD01161F0EB84300441B3A /* Snapchat.app */;
			productType = "com.apple.product-type.application";
		};
/* End PBXNativeTarget section */

/* Begin PBXProject section */
		57DD010E1F0EB84300441B3A /* Project object */ = {
			isa = PBXProject;
			attributes = {
				LastSwiftUpdateCheck = 0830;
				LastUpgradeCheck = 0830;
				ORGANIZATIONNAME = "Daniel Dallagnese";
				TargetAttributes = {
					57DD01151F0EB84300441B3A = {
						CreatedOnToolsVersion = 8.3.3;
						DevelopmentTeam = E465NRGJ49;
						ProvisioningStyle = Automatic;
					};
				};
			};
			buildConfigurationList = 57DD01111F0EB84300441B3A /* Build configuration list for PBXProject "Snapchat" */;
			compatibilityVersion = "Xcode 3.2";
			developmentRegion = English;
			hasScannedForEncodings = 0;
			knownRegions = (
				en,
				Base,
			);
			mainGroup = 57DD010D1F0EB84300441B3A;
			productRefGroup = 57DD01171F0EB84300441B3A /* Products */;
			projectDirPath = "";
			projectRoot = "";
			targets = (
				57DD01151F0EB84300441B3A /* Snapchat */,
			);
		};
/* End PBXProject section */

/* Begin PBXResourcesBuildPhase section */
		57DD01141F0EB84300441B3A /* Resources */ = {
			isa = PBXResourcesBuildPhase;
			buildActionMask = 2147483647;
			files = (
				57DD01241F0EB84300441B3A /* LaunchScreen.storyboard in Resources */,
				57DD012C1F0EB8CC00441B3A /* GoogleService-Info.plist in Resources */,
				57DD01211F0EB84300441B3A /* Assets.xcassets in Resources */,
				57DD011F1F0EB84300441B3A /* Main.storyboard in Resources */,
			);
			runOnlyForDeploymentPostprocessing = 0;
		};
/* End PBXResourcesBuildPhase section */

/* Begin PBXShellScriptBuildPhase section */
		3B745A5146DA40B38F8AD957 /* [CP] Check Pods Manifest.lock */ = {
			isa = PBXShellScriptBuildPhase;
			buildActionMask = 2147483647;
			files = (
			);
			inputPaths = (
			);
			name = "[CP] Check Pods Manifest.lock";
			outputPaths = (
			);
			runOnlyForDeploymentPostprocessing = 0;
			shellPath = /bin/sh;
			shellScript = "diff \"${PODS_PODFILE_DIR_PATH}/Podfile.lock\" \"${PODS_ROOT}/Manifest.lock\" > /dev/null\nif [ $? != 0 ] ; then\n    # print error to STDERR\n    echo \"error: The sandbox is not in sync with the Podfile.lock. Run 'pod install' or update your CocoaPods installation.\" >&2\n    exit 1\nfi\n";
			showEnvVarsInLog = 0;
		};
		4CE926EB677F2FE283EB8DE3 /* [CP] Copy Pods Resources */ = {
			isa = PBXShellScriptBuildPhase;
			buildActionMask = 2147483647;
			files = (
			);
			inputPaths = (
			);
			name = "[CP] Copy Pods Resources";
			outputPaths = (
			);
			runOnlyForDeploymentPostprocessing = 0;
			shellPath = /bin/sh;
			shellScript = "\"${SRCROOT}/Pods/Target Support Files/Pods-Snapchat/Pods-Snapchat-resources.sh\"\n";
			showEnvVarsInLog = 0;
		};
		AD0359F821214B7AB8A05038 /* [CP] Embed Pods Frameworks */ = {
			isa = PBXShellScriptBuildPhase;
			buildActionMask = 2147483647;
			files = (
			);
			inputPaths = (
			);
			name = "[CP] Embed Pods Frameworks";
			outputPaths = (
			);
			runOnlyForDeploymentPostprocessing = 0;
			shellPath = /bin/sh;
			shellScript = "\"${SRCROOT}/Pods/Target Support Files/Pods-Snapchat/Pods-Snapchat-frameworks.sh\"\n";
			showEnvVarsInLog = 0;
		};
/* End PBXShellScriptBuildPhase section */

/* Begin PBXSourcesBuildPhase section */
		57DD01121F0EB84300441B3A /* Sources */ = {
			isa = PBXSourcesBuildPhase;
			buildActionMask = 2147483647;
			files = (
				57DD01421F169B4000441B3A /* DetalhesSnapViewController.swift in Sources */,
				57DD01321F0FE45500441B3A /* SnapsViewController.swift in Sources */,
				57DD01401F1664D500441B3A /* Snap.swift in Sources */,
				57DD011C1F0EB84300441B3A /* ViewController.swift in Sources */,
				57DD013C1F16519B00441B3A /* UsuariosTableViewController.swift in Sources */,
				57DD011A1F0EB84300441B3A /* AppDelegate.swift in Sources */,
				57DD012E1F0EC69F00441B3A /* EntrarViewController.swift in Sources */,
				57DD013E1F16553000441B3A /* Usuario.swift in Sources */,
				57DD01341F0FE47900441B3A /* FotoViewController.swift in Sources */,
				57DD01301F0EC6BA00441B3A /* CadastroViewController.swift in Sources */,
				57DD013A1F15606400441B3A /* Alerta.swift in Sources */,
			);
			runOnlyForDeploymentPostprocessing = 0;
		};
/* End PBXSourcesBuildPhase section */

/* Begin PBXVariantGroup section */
		57DD011D1F0EB84300441B3A /* Main.storyboard */ = {
			isa = PBXVariantGroup;
			children = (
				57DD011E1F0EB84300441B3A /* Base */,
			);
			name = Main.storyboard;
			sourceTree = "<group>";
		};
		57DD01221F0EB84300441B3A /* LaunchScreen.storyboard */ = {
			isa = PBXVariantGroup;
			children = (
				57DD01231F0EB84300441B3A /* Base */,
			);
			name = LaunchScreen.storyboard;
			sourceTree = "<group>";
		};
/* End PBXVariantGroup section */

/* Begin XCBuildConfiguration section */
		57DD01261F0EB84300441B3A /* Debug */ = {
			isa = XCBuildConfiguration;
			buildSettings = {
				ALWAYS_SEARCH_USER_PATHS = NO;
				CLANG_ANALYZER_NONNULL = YES;
				CLANG_ANALYZER_NUMBER_OBJECT_CONVERSION = YES_AGGRESSIVE;
				CLANG_CXX_LANGUAGE_STANDARD = "gnu++0x";
				CLANG_CXX_LIBRARY = "libc++";
				CLANG_ENABLE_MODULES = YES;
				CLANG_ENABLE_OBJC_ARC = YES;
				CLANG_WARN_BOOL_CONVERSION = YES;
				CLANG_WARN_CONSTANT_CONVERSION = YES;
				CLANG_WARN_DIRECT_OBJC_ISA_USAGE = YES_ERROR;
				CLANG_WARN_DOCUMENTATION_COMMENTS = YES;
				CLANG_WARN_EMPTY_BODY = YES;
				CLANG_WARN_ENUM_CONVERSION = YES;
				CLANG_WARN_INFINITE_RECURSION = YES;
				CLANG_WARN_INT_CONVERSION = YES;
				CLANG_WARN_OBJC_ROOT_CLASS = YES_ERROR;
				CLANG_WARN_SUSPICIOUS_MOVE = YES;
				CLANG_WARN_UNREACHABLE_CODE = YES;
				CLANG_WARN__DUPLICATE_METHOD_MATCH = YES;
				"CODE_SIGN_IDENTITY[sdk=iphoneos*]" = "iPhone Developer";
				COPY_PHASE_STRIP = NO;
				DEBUG_INFORMATION_FORMAT = dwarf;
				ENABLE_STRICT_OBJC_MSGSEND = YES;
				ENABLE_TESTABILITY = YES;
				GCC_C_LANGUAGE_STANDARD = gnu99;
				GCC_DYNAMIC_NO_PIC = NO;
				GCC_NO_COMMON_BLOCKS = YES;
				GCC_OPTIMIZATION_LEVEL = 0;
				GCC_PREPROCESSOR_DEFINITIONS = (
					"DEBUG=1",
					"$(inherited)",
				);
				GCC_WARN_64_TO_32_BIT_CONVERSION = YES;
				GCC_WARN_ABOUT_RETURN_TYPE = YES_ERROR;
				GCC_WARN_UNDECLARED_SELECTOR = YES;
				GCC_WARN_UNINITIALIZED_AUTOS = YES_AGGRESSIVE;
				GCC_WARN_UNUSED_FUNCTION = YES;
				GCC_WARN_UNUSED_VARIABLE = YES;
				IPHONEOS_DEPLOYMENT_TARGET = 10.3;
				MTL_ENABLE_DEBUG_INFO = YES;
				ONLY_ACTIVE_ARCH = YES;
				SDKROOT = iphoneos;
				SWIFT_ACTIVE_COMPILATION_CONDITIONS = DEBUG;
				SWIFT_OPTIMIZATION_LEVEL = "-Onone";
			};
			name = Debug;
		};
		57DD01271F0EB84300441B3A /* Release */ = {
			isa = XCBuildConfiguration;
			buildSettings = {
				ALWAYS_SEARCH_USER_PATHS = NO;
				CLANG_ANALYZER_NONNULL = YES;
				CLANG_ANALYZER_NUMBER_OBJECT_CONVERSION = YES_AGGRESSIVE;
				CLANG_CXX_LANGUAGE_STANDARD = "gnu++0x";
				CLANG_CXX_LIBRARY = "libc++";
				CLANG_ENABLE_MODULES = YES;
				CLANG_ENABLE_OBJC_ARC = YES;
				CLANG_WARN_BOOL_CONVERSION = YES;
				CLANG_WARN_CONSTANT_CONVERSION = YES;
				CLANG_WARN_DIRECT_OBJC_ISA_USAGE = YES_ERROR;
				CLANG_WARN_DOCUMENTATION_COMMENTS = YES;
				CLANG_WARN_EMPTY_BODY = YES;
				CLANG_WARN_ENUM_CONVERSION = YES;
				CLANG_WARN_INFINITE_RECURSION = YES;
				CLANG_WARN_INT_CONVERSION = YES;
				CLANG_WARN_OBJC_ROOT_CLASS = YES_ERROR;
				CLANG_WARN_SUSPICIOUS_MOVE = YES;
				CLANG_WARN_UNREACHABLE_CODE = YES;
				CLANG_WARN__DUPLICATE_METHOD_MATCH = YES;
				"CODE_SIGN_IDENTITY[sdk=iphoneos*]" = "iPhone Developer";
				COPY_PHASE_STRIP = NO;
				DEBUG_INFORMATION_FORMAT = "dwarf-with-dsym";
				ENABLE_NS_ASSERTIONS = NO;
				ENABLE_STRICT_OBJC_MSGSEND = YES;
				GCC_C_LANGUAGE_STANDARD = gnu99;
				GCC_NO_COMMON_BLOCKS = YES;
				GCC_WARN_64_TO_32_BIT_CONVERSION = YES;
				GCC_WARN_ABOUT_RETURN_TYPE = YES_ERROR;
				GCC_WARN_UNDECLARED_SELECTOR = YES;
				GCC_WARN_UNINITIALIZED_AUTOS = YES_AGGRESSIVE;
				GCC_WARN_UNUSED_FUNCTION = YES;
				GCC_WARN_UNUSED_VARIABLE = YES;
				IPHONEOS_DEPLOYMENT_TARGET = 10.3;
				MTL_ENABLE_DEBUG_INFO = NO;
				SDKROOT = iphoneos;
				SWIFT_OPTIMIZATION_LEVEL = "-Owholemodule";
				VALIDATE_PRODUCT = YES;
			};
			name = Release;
		};
		57DD01291F0EB84300441B3A /* Debug */ = {
			isa = XCBuildConfiguration;
			baseConfigurationReference = 7EE04EB5B06E45E9DD867A76 /* Pods-Snapchat.debug.xcconfig */;
			buildSettings = {
				ASSETCATALOG_COMPILER_APPICON_NAME = AppIcon;
				DEVELOPMENT_TEAM = E465NRGJ49;
				INFOPLIST_FILE = Snapchat/Info.plist;
				LD_RUNPATH_SEARCH_PATHS = "$(inherited) @executable_path/Frameworks";
				PRODUCT_BUNDLE_IDENTIFIER = com.cursoiosdaniel.Snapchat;
				PRODUCT_NAME = "$(TARGET_NAME)";
				SWIFT_VERSION = 3.0;
			};
			name = Debug;
		};
		57DD012A1F0EB84300441B3A /* Release */ = {
			isa = XCBuildConfiguration;
			baseConfigurationReference = C32C1A7EADB4A074058B0BB7 /* Pods-Snapchat.release.xcconfig */;
			buildSettings = {
				ASSETCATALOG_COMPILER_APPICON_NAME = AppIcon;
				DEVELOPMENT_TEAM = E465NRGJ49;
				INFOPLIST_FILE = Snapchat/Info.plist;
				LD_RUNPATH_SEARCH_PATHS = "$(inherited) @executable_path/Frameworks";
				PRODUCT_BUNDLE_IDENTIFIER = com.cursoiosdaniel.Snapchat;
				PRODUCT_NAME = "$(TARGET_NAME)";
				SWIFT_VERSION = 3.0;
			};
			name = Release;
		};
/* End XCBuildConfiguration section */

/* Begin XCConfigurationList section */
		57DD01111F0EB84300441B3A /* Build configuration list for PBXProject "Snapchat" */ = {
			isa = XCConfigurationList;
			buildConfigurations = (
				57DD01261F0EB84300441B3A /* Debug */,
				57DD01271F0EB84300441B3A /* Release */,
			);
			defaultConfigurationIsVisible = 0;
			defaultConfigurationName = Release;
		};
		57DD01281F0EB84300441B3A /* Build configuration list for PBXNativeTarget "Snapchat" */ = {
			isa = XCConfigurationList;
			buildConfigurations = (
				57DD01291F0EB84300441B3A /* Debug */,
				57DD012A1F0EB84300441B3A /* Release */,
			);
			defaultConfigurationIsVisible = 0;
			defaultConfigurationName = Release;
		};
/* End XCConfigurationList section */
	};
	rootObject = 57DD010E1F0EB84300441B3A /* Project object */;
}
