// !$*UTF8*$!
{
	archiveVersion = 1;
	classes = {
	};
	objectVersion = 46;
	objects = {

/* Begin PBXBuildFile section */
		574BC2801F17E9F500F8C35B /* AppDelegate.swift in Sources */ = {isa = PBXBuildFile; fileRef = 574BC27F1F17E9F500F8C35B /* AppDelegate.swift */; };
		574BC2821F17E9F500F8C35B /* ViewController.swift in Sources */ = {isa = PBXBuildFile; fileRef = 574BC2811F17E9F500F8C35B /* ViewController.swift */; };
		574BC2851F17E9F500F8C35B /* Main.storyboard in Resources */ = {isa = PBXBuildFile; fileRef = 574BC2831F17E9F500F8C35B /* Main.storyboard */; };
		574BC2881F17E9F500F8C35B /* Controle_de_Carto_es.xcdatamodeld in Sources */ = {isa = PBXBuildFile; fileRef = 574BC2861F17E9F500F8C35B /* Controle_de_Carto_es.xcdatamodeld */; };
		574BC28A1F17E9F500F8C35B /* Assets.xcassets in Resources */ = {isa = PBXBuildFile; fileRef = 574BC2891F17E9F500F8C35B /* Assets.xcassets */; };
		574BC28D1F17E9F500F8C35B /* LaunchScreen.storyboard in Resources */ = {isa = PBXBuildFile; fileRef = 574BC28B1F17E9F500F8C35B /* LaunchScreen.storyboard */; };
		574BC2971F17F15000F8C35B /* CartoesCelula.swift in Sources */ = {isa = PBXBuildFile; fileRef = 574BC2961F17F15000F8C35B /* CartoesCelula.swift */; };
		574BC2991F17F26400F8C35B /* CartoesViewController.swift in Sources */ = {isa = PBXBuildFile; fileRef = 574BC2981F17F26400F8C35B /* CartoesViewController.swift */; };
		574BC29B1F19592200F8C35B /* Cartao.swift in Sources */ = {isa = PBXBuildFile; fileRef = 574BC29A1F19592200F8C35B /* Cartao.swift */; };
/* End PBXBuildFile section */

/* Begin PBXFileReference section */
		574BC27C1F17E9F500F8C35B /* Controle de Cartões.app */ = {isa = PBXFileReference; explicitFileType = wrapper.application; includeInIndex = 0; path = "Controle de Cartões.app"; sourceTree = BUILT_PRODUCTS_DIR; };
		574BC27F1F17E9F500F8C35B /* AppDelegate.swift */ = {isa = PBXFileReference; lastKnownFileType = sourcecode.swift; path = AppDelegate.swift; sourceTree = "<group>"; };
		574BC2811F17E9F500F8C35B /* ViewController.swift */ = {isa = PBXFileReference; lastKnownFileType = sourcecode.swift; path = ViewController.swift; sourceTree = "<group>"; };
		574BC2841F17E9F500F8C35B /* Base */ = {isa = PBXFileReference; lastKnownFileType = file.storyboard; name = Base; path = Base.lproj/Main.storyboard; sourceTree = "<group>"; };
		574BC2871F17E9F500F8C35B /* Controle_de_Carto_es.xcdatamodel */ = {isa = PBXFileReference; lastKnownFileType = wrapper.xcdatamodel; path = Controle_de_Carto_es.xcdatamodel; sourceTree = "<group>"; };
		574BC2891F17E9F500F8C35B /* Assets.xcassets */ = {isa = PBXFileReference; lastKnownFileType = folder.assetcatalog; path = Assets.xcassets; sourceTree = "<group>"; };
		574BC28C1F17E9F500F8C35B /* Base */ = {isa = PBXFileReference; lastKnownFileType = file.storyboard; name = Base; path = Base.lproj/LaunchScreen.storyboard; sourceTree = "<group>"; };
		574BC28E1F17E9F500F8C35B /* Info.plist */ = {isa = PBXFileReference; lastKnownFileType = text.plist.xml; path = Info.plist; sourceTree = "<group>"; };
		574BC2961F17F15000F8C35B /* CartoesCelula.swift */ = {isa = PBXFileReference; fileEncoding = 4; lastKnownFileType = sourcecode.swift; path = CartoesCelula.swift; sourceTree = "<group>"; };
		574BC2981F17F26400F8C35B /* CartoesViewController.swift */ = {isa = PBXFileReference; fileEncoding = 4; lastKnownFileType = sourcecode.swift; path = CartoesViewController.swift; sourceTree = "<group>"; };
		574BC29A1F19592200F8C35B /* Cartao.swift */ = {isa = PBXFileReference; fileEncoding = 4; lastKnownFileType = sourcecode.swift; path = Cartao.swift; sourceTree = "<group>"; };
/* End PBXFileReference section */

/* Begin PBXFrameworksBuildPhase section */
		574BC2791F17E9F500F8C35B /* Frameworks */ = {
			isa = PBXFrameworksBuildPhase;
			buildActionMask = 2147483647;
			files = (
			);
			runOnlyForDeploymentPostprocessing = 0;
		};
/* End PBXFrameworksBuildPhase section */

/* Begin PBXGroup section */
		574BC2731F17E9F500F8C35B = {
			isa = PBXGroup;
			children = (
				574BC27E1F17E9F500F8C35B /* Controle de Cartões */,
				574BC27D1F17E9F500F8C35B /* Products */,
			);
			sourceTree = "<group>";
		};
		574BC27D1F17E9F500F8C35B /* Products */ = {
			isa = PBXGroup;
			children = (
				574BC27C1F17E9F500F8C35B /* Controle de Cartões.app */,
			);
			name = Products;
			sourceTree = "<group>";
		};
		574BC27E1F17E9F500F8C35B /* Controle de Cartões */ = {
			isa = PBXGroup;
			children = (
				574BC2951F17F09F00F8C35B /* Objetos */,
				574BC2941F17F08400F8C35B /* View Controllers */,
				574BC27F1F17E9F500F8C35B /* AppDelegate.swift */,
				574BC2831F17E9F500F8C35B /* Main.storyboard */,
				574BC2891F17E9F500F8C35B /* Assets.xcassets */,
				574BC28B1F17E9F500F8C35B /* LaunchScreen.storyboard */,
				574BC28E1F17E9F500F8C35B /* Info.plist */,
				574BC2861F17E9F500F8C35B /* Controle_de_Carto_es.xcdatamodeld */,
			);
			path = "Controle de Cartões";
			sourceTree = "<group>";
		};
		574BC2941F17F08400F8C35B /* View Controllers */ = {
			isa = PBXGroup;
			children = (
				574BC2811F17E9F500F8C35B /* ViewController.swift */,
				574BC2981F17F26400F8C35B /* CartoesViewController.swift */,
			);
			name = "View Controllers";
			sourceTree = "<group>";
		};
		574BC2951F17F09F00F8C35B /* Objetos */ = {
			isa = PBXGroup;
			children = (
				574BC2961F17F15000F8C35B /* CartoesCelula.swift */,
				574BC29A1F19592200F8C35B /* Cartao.swift */,
			);
			name = Objetos;
			sourceTree = "<group>";
		};
/* End PBXGroup section */

/* Begin PBXNativeTarget section */
		574BC27B1F17E9F500F8C35B /* Controle de Cartões */ = {
			isa = PBXNativeTarget;
			buildConfigurationList = 574BC2911F17E9F500F8C35B /* Build configuration list for PBXNativeTarget "Controle de Cartões" */;
			buildPhases = (
				574BC2781F17E9F500F8C35B /* Sources */,
				574BC2791F17E9F500F8C35B /* Frameworks */,
				574BC27A1F17E9F500F8C35B /* Resources */,
			);
			buildRules = (
			);
			dependencies = (
			);
			name = "Controle de Cartões";
			productName = "Controle de Cartões";
			productReference = 574BC27C1F17E9F500F8C35B /* Controle de Cartões.app */;
			productType = "com.apple.product-type.application";
		};
/* End PBXNativeTarget section */

/* Begin PBXProject section */
		574BC2741F17E9F500F8C35B /* Project object */ = {
			isa = PBXProject;
			attributes = {
				LastSwiftUpdateCheck = 0830;
				LastUpgradeCheck = 0830;
				ORGANIZATIONNAME = "Daniel Dallagnese";
				TargetAttributes = {
					574BC27B1F17E9F500F8C35B = {
						CreatedOnToolsVersion = 8.3.3;
						DevelopmentTeam = E465NRGJ49;
						ProvisioningStyle = Automatic;
					};
				};
			};
			buildConfigurationList = 574BC2771F17E9F500F8C35B /* Build configuration list for PBXProject "Controle de Cartões" */;
			compatibilityVersion = "Xcode 3.2";
			developmentRegion = English;
			hasScannedForEncodings = 0;
			knownRegions = (
				en,
				Base,
			);
			mainGroup = 574BC2731F17E9F500F8C35B;
			productRefGroup = 574BC27D1F17E9F500F8C35B /* Products */;
			projectDirPath = "";
			projectRoot = "";
			targets = (
				574BC27B1F17E9F500F8C35B /* Controle de Cartões */,
			);
		};
/* End PBXProject section */

/* Begin PBXResourcesBuildPhase section */
		574BC27A1F17E9F500F8C35B /* Resources */ = {
			isa = PBXResourcesBuildPhase;
			buildActionMask = 2147483647;
			files = (
				574BC28D1F17E9F500F8C35B /* LaunchScreen.storyboard in Resources */,
				574BC28A1F17E9F500F8C35B /* Assets.xcassets in Resources */,
				574BC2851F17E9F500F8C35B /* Main.storyboard in Resources */,
			);
			runOnlyForDeploymentPostprocessing = 0;
		};
/* End PBXResourcesBuildPhase section */

/* Begin PBXSourcesBuildPhase section */
		574BC2781F17E9F500F8C35B /* Sources */ = {
			isa = PBXSourcesBuildPhase;
			buildActionMask = 2147483647;
			files = (
				574BC2881F17E9F500F8C35B /* Controle_de_Carto_es.xcdatamodeld in Sources */,
				574BC2991F17F26400F8C35B /* CartoesViewController.swift in Sources */,
				574BC2971F17F15000F8C35B /* CartoesCelula.swift in Sources */,
				574BC2821F17E9F500F8C35B /* ViewController.swift in Sources */,
				574BC2801F17E9F500F8C35B /* AppDelegate.swift in Sources */,
				574BC29B1F19592200F8C35B /* Cartao.swift in Sources */,
			);
			runOnlyForDeploymentPostprocessing = 0;
		};
/* End PBXSourcesBuildPhase section */

/* Begin PBXVariantGroup section */
		574BC2831F17E9F500F8C35B /* Main.storyboard */ = {
			isa = PBXVariantGroup;
			children = (
				574BC2841F17E9F500F8C35B /* Base */,
			);
			name = Main.storyboard;
			sourceTree = "<group>";
		};
		574BC28B1F17E9F500F8C35B /* LaunchScreen.storyboard */ = {
			isa = PBXVariantGroup;
			children = (
				574BC28C1F17E9F500F8C35B /* Base */,
			);
			name = LaunchScreen.storyboard;
			sourceTree = "<group>";
		};
/* End PBXVariantGroup section */

/* Begin XCBuildConfiguration section */
		574BC28F1F17E9F500F8C35B /* Debug */ = {
			isa = XCBuildConfiguration;
			buildSettings = {
				ALWAYS_SEARCH_USER_PATHS = NO;
				CLANG_ANALYZER_NONNULL = YES;
				CLANG_ANALYZER_NUMBER_OBJECT_CONVERSION = YES_AGGRESSIVE;
				CLANG_CXX_LANGUAGE_STANDARD = "gnu++0x";
				CLANG_CXX_LIBRARY = "libc++";
				CLANG_ENABLE_MODULES = YES;
				CLANG_ENABLE_OBJC_ARC = YES;
				CLANG_WARN_BOOL_CONVERSION = YES;
				CLANG_WARN_CONSTANT_CONVERSION = YES;
				CLANG_WARN_DIRECT_OBJC_ISA_USAGE = YES_ERROR;
				CLANG_WARN_DOCUMENTATION_COMMENTS = YES;
				CLANG_WARN_EMPTY_BODY = YES;
				CLANG_WARN_ENUM_CONVERSION = YES;
				CLANG_WARN_INFINITE_RECURSION = YES;
				CLANG_WARN_INT_CONVERSION = YES;
				CLANG_WARN_OBJC_ROOT_CLASS = YES_ERROR;
				CLANG_WARN_SUSPICIOUS_MOVE = YES;
				CLANG_WARN_UNREACHABLE_CODE = YES;
				CLANG_WARN__DUPLICATE_METHOD_MATCH = YES;
				"CODE_SIGN_IDENTITY[sdk=iphoneos*]" = "iPhone Developer";
				COPY_PHASE_STRIP = NO;
				DEBUG_INFORMATION_FORMAT = dwarf;
				ENABLE_STRICT_OBJC_MSGSEND = YES;
				ENABLE_TESTABILITY = YES;
				GCC_C_LANGUAGE_STANDARD = gnu99;
				GCC_DYNAMIC_NO_PIC = NO;
				GCC_NO_COMMON_BLOCKS = YES;
				GCC_OPTIMIZATION_LEVEL = 0;
				GCC_PREPROCESSOR_DEFINITIONS = (
					"DEBUG=1",
					"$(inherited)",
				);
				GCC_WARN_64_TO_32_BIT_CONVERSION = YES;
				GCC_WARN_ABOUT_RETURN_TYPE = YES_ERROR;
				GCC_WARN_UNDECLARED_SELECTOR = YES;
				GCC_WARN_UNINITIALIZED_AUTOS = YES_AGGRESSIVE;
				GCC_WARN_UNUSED_FUNCTION = YES;
				GCC_WARN_UNUSED_VARIABLE = YES;
				IPHONEOS_DEPLOYMENT_TARGET = 10.3;
				MTL_ENABLE_DEBUG_INFO = YES;
				ONLY_ACTIVE_ARCH = YES;
				SDKROOT = iphoneos;
				SWIFT_ACTIVE_COMPILATION_CONDITIONS = DEBUG;
				SWIFT_OPTIMIZATION_LEVEL = "-Onone";
			};
			name = Debug;
		};
		574BC2901F17E9F500F8C35B /* Release */ = {
			isa = XCBuildConfiguration;
			buildSettings = {
				ALWAYS_SEARCH_USER_PATHS = NO;
				CLANG_ANALYZER_NONNULL = YES;
				CLANG_ANALYZER_NUMBER_OBJECT_CONVERSION = YES_AGGRESSIVE;
				CLANG_CXX_LANGUAGE_STANDARD = "gnu++0x";
				CLANG_CXX_LIBRARY = "libc++";
				CLANG_ENABLE_MODULES = YES;
				CLANG_ENABLE_OBJC_ARC = YES;
				CLANG_WARN_BOOL_CONVERSION = YES;
				CLANG_WARN_CONSTANT_CONVERSION = YES;
				CLANG_WARN_DIRECT_OBJC_ISA_USAGE = YES_ERROR;
				CLANG_WARN_DOCUMENTATION_COMMENTS = YES;
				CLANG_WARN_EMPTY_BODY = YES;
				CLANG_WARN_ENUM_CONVERSION = YES;
				CLANG_WARN_INFINITE_RECURSION = YES;
				CLANG_WARN_INT_CONVERSION = YES;
				CLANG_WARN_OBJC_ROOT_CLASS = YES_ERROR;
				CLANG_WARN_SUSPICIOUS_MOVE = YES;
				CLANG_WARN_UNREACHABLE_CODE = YES;
				CLANG_WARN__DUPLICATE_METHOD_MATCH = YES;
				"CODE_SIGN_IDENTITY[sdk=iphoneos*]" = "iPhone Developer";
				COPY_PHASE_STRIP = NO;
				DEBUG_INFORMATION_FORMAT = "dwarf-with-dsym";
				ENABLE_NS_ASSERTIONS = NO;
				ENABLE_STRICT_OBJC_MSGSEND = YES;
				GCC_C_LANGUAGE_STANDARD = gnu99;
				GCC_NO_COMMON_BLOCKS = YES;
				GCC_WARN_64_TO_32_BIT_CONVERSION = YES;
				GCC_WARN_ABOUT_RETURN_TYPE = YES_ERROR;
				GCC_WARN_UNDECLARED_SELECTOR = YES;
				GCC_WARN_UNINITIALIZED_AUTOS = YES_AGGRESSIVE;
				GCC_WARN_UNUSED_FUNCTION = YES;
				GCC_WARN_UNUSED_VARIABLE = YES;
				IPHONEOS_DEPLOYMENT_TARGET = 10.3;
				MTL_ENABLE_DEBUG_INFO = NO;
				SDKROOT = iphoneos;
				SWIFT_OPTIMIZATION_LEVEL = "-Owholemodule";
				VALIDATE_PRODUCT = YES;
			};
			name = Release;
		};
		574BC2921F17E9F500F8C35B /* Debug */ = {
			isa = XCBuildConfiguration;
			buildSettings = {
				ASSETCATALOG_COMPILER_APPICON_NAME = AppIcon;
				DEVELOPMENT_TEAM = E465NRGJ49;
				INFOPLIST_FILE = "Controle de Cartões/Info.plist";
				LD_RUNPATH_SEARCH_PATHS = "$(inherited) @executable_path/Frameworks";
				PRODUCT_BUNDLE_IDENTIFIER = "com.dallagnese.Controle-de-Carto-es";
				PRODUCT_NAME = "$(TARGET_NAME)";
				SWIFT_VERSION = 3.0;
			};
			name = Debug;
		};
		574BC2931F17E9F500F8C35B /* Release */ = {
			isa = XCBuildConfiguration;
			buildSettings = {
				ASSETCATALOG_COMPILER_APPICON_NAME = AppIcon;
				DEVELOPMENT_TEAM = E465NRGJ49;
				INFOPLIST_FILE = "Controle de Cartões/Info.plist";
				LD_RUNPATH_SEARCH_PATHS = "$(inherited) @executable_path/Frameworks";
				PRODUCT_BUNDLE_IDENTIFIER = "com.dallagnese.Controle-de-Carto-es";
				PRODUCT_NAME = "$(TARGET_NAME)";
				SWIFT_VERSION = 3.0;
			};
			name = Release;
		};
/* End XCBuildConfiguration section */

/* Begin XCConfigurationList section */
		574BC2771F17E9F500F8C35B /* Build configuration list for PBXProject "Controle de Cartões" */ = {
			isa = XCConfigurationList;
			buildConfigurations = (
				574BC28F1F17E9F500F8C35B /* Debug */,
				574BC2901F17E9F500F8C35B /* Release */,
			);
			defaultConfigurationIsVisible = 0;
			defaultConfigurationName = Release;
		};
		574BC2911F17E9F500F8C35B /* Build configuration list for PBXNativeTarget "Controle de Cartões" */ = {
			isa = XCConfigurationList;
			buildConfigurations = (
				574BC2921F17E9F500F8C35B /* Debug */,
				574BC2931F17E9F500F8C35B /* Release */,
			);
			defaultConfigurationIsVisible = 0;
		};
/* End XCConfigurationList section */

/* Begin XCVersionGroup section */
		574BC2861F17E9F500F8C35B /* Controle_de_Carto_es.xcdatamodeld */ = {
			isa = XCVersionGroup;
			children = (
				574BC2871F17E9F500F8C35B /* Controle_de_Carto_es.xcdatamodel */,
			);
			currentVersion = 574BC2871F17E9F500F8C35B /* Controle_de_Carto_es.xcdatamodel */;
			path = Controle_de_Carto_es.xcdatamodeld;
			sourceTree = "<group>";
			versionGroupType = wrapper.xcdatamodel;
		};
/* End XCVersionGroup section */
	};
	rootObject = 574BC2741F17E9F500F8C35B /* Project object */;
}
