// !$*UTF8*$!
{
	archiveVersion = 1;
	classes = {
	};
	objectVersion = 46;
	objects = {

/* Begin PBXBuildFile section */
		576A66B91F0459D700F742BC /* AppDelegate.swift in Sources */ = {isa = PBXBuildFile; fileRef = 576A66B81F0459D700F742BC /* AppDelegate.swift */; };
		576A66BB1F0459D700F742BC /* ViewController.swift in Sources */ = {isa = PBXBuildFile; fileRef = 576A66BA1F0459D700F742BC /* ViewController.swift */; };
		576A66BE1F0459D700F742BC /* Main.storyboard in Resources */ = {isa = PBXBuildFile; fileRef = 576A66BC1F0459D700F742BC /* Main.storyboard */; };
		576A66C01F0459D700F742BC /* Assets.xcassets in Resources */ = {isa = PBXBuildFile; fileRef = 576A66BF1F0459D700F742BC /* Assets.xcassets */; };
		576A66C31F0459D700F742BC /* LaunchScreen.storyboard in Resources */ = {isa = PBXBuildFile; fileRef = 576A66C11F0459D700F742BC /* LaunchScreen.storyboard */; };
		576A66CB1F05A27900F742BC /* LocaisViagemViewController.swift in Sources */ = {isa = PBXBuildFile; fileRef = 576A66CA1F05A27900F742BC /* LocaisViagemViewController.swift */; };
		576A66CD1F081E7600F742BC /* ArmazenamentoDados.swift in Sources */ = {isa = PBXBuildFile; fileRef = 576A66CC1F081E7600F742BC /* ArmazenamentoDados.swift */; };
/* End PBXBuildFile section */

/* Begin PBXFileReference section */
		576A66B51F0459D700F742BC /* Minhas Viagens.app */ = {isa = PBXFileReference; explicitFileType = wrapper.application; includeInIndex = 0; path = "Minhas Viagens.app"; sourceTree = BUILT_PRODUCTS_DIR; };
		576A66B81F0459D700F742BC /* AppDelegate.swift */ = {isa = PBXFileReference; lastKnownFileType = sourcecode.swift; path = AppDelegate.swift; sourceTree = "<group>"; };
		576A66BA1F0459D700F742BC /* ViewController.swift */ = {isa = PBXFileReference; lastKnownFileType = sourcecode.swift; path = ViewController.swift; sourceTree = "<group>"; };
		576A66BD1F0459D700F742BC /* Base */ = {isa = PBXFileReference; lastKnownFileType = file.storyboard; name = Base; path = Base.lproj/Main.storyboard; sourceTree = "<group>"; };
		576A66BF1F0459D700F742BC /* Assets.xcassets */ = {isa = PBXFileReference; lastKnownFileType = folder.assetcatalog; path = Assets.xcassets; sourceTree = "<group>"; };
		576A66C21F0459D700F742BC /* Base */ = {isa = PBXFileReference; lastKnownFileType = file.storyboard; name = Base; path = Base.lproj/LaunchScreen.storyboard; sourceTree = "<group>"; };
		576A66C41F0459D700F742BC /* Info.plist */ = {isa = PBXFileReference; lastKnownFileType = text.plist.xml; path = Info.plist; sourceTree = "<group>"; };
		576A66CA1F05A27900F742BC /* LocaisViagemViewController.swift */ = {isa = PBXFileReference; fileEncoding = 4; lastKnownFileType = sourcecode.swift; path = LocaisViagemViewController.swift; sourceTree = "<group>"; };
		576A66CC1F081E7600F742BC /* ArmazenamentoDados.swift */ = {isa = PBXFileReference; fileEncoding = 4; lastKnownFileType = sourcecode.swift; name = ArmazenamentoDados.swift; path = ../ArmazenamentoDados.swift; sourceTree = "<group>"; };
/* End PBXFileReference section */

/* Begin PBXFrameworksBuildPhase section */
		576A66B21F0459D700F742BC /* Frameworks */ = {
			isa = PBXFrameworksBuildPhase;
			buildActionMask = 2147483647;
			files = (
			);
			runOnlyForDeploymentPostprocessing = 0;
		};
/* End PBXFrameworksBuildPhase section */

/* Begin PBXGroup section */
		576A66AC1F0459D700F742BC = {
			isa = PBXGroup;
			children = (
				576A66B71F0459D700F742BC /* Minhas Viagens */,
				576A66B61F0459D700F742BC /* Products */,
			);
			sourceTree = "<group>";
		};
		576A66B61F0459D700F742BC /* Products */ = {
			isa = PBXGroup;
			children = (
				576A66B51F0459D700F742BC /* Minhas Viagens.app */,
			);
			name = Products;
			sourceTree = "<group>";
		};
		576A66B71F0459D700F742BC /* Minhas Viagens */ = {
			isa = PBXGroup;
			children = (
				576A66B81F0459D700F742BC /* AppDelegate.swift */,
				576A66BA1F0459D700F742BC /* ViewController.swift */,
				576A66CA1F05A27900F742BC /* LocaisViagemViewController.swift */,
				576A66CC1F081E7600F742BC /* ArmazenamentoDados.swift */,
				576A66BC1F0459D700F742BC /* Main.storyboard */,
				576A66BF1F0459D700F742BC /* Assets.xcassets */,
				576A66C11F0459D700F742BC /* LaunchScreen.storyboard */,
				576A66C41F0459D700F742BC /* Info.plist */,
			);
			path = "Minhas Viagens";
			sourceTree = "<group>";
		};
/* End PBXGroup section */

/* Begin PBXNativeTarget section */
		576A66B41F0459D700F742BC /* Minhas Viagens */ = {
			isa = PBXNativeTarget;
			buildConfigurationList = 576A66C71F0459D700F742BC /* Build configuration list for PBXNativeTarget "Minhas Viagens" */;
			buildPhases = (
				576A66B11F0459D700F742BC /* Sources */,
				576A66B21F0459D700F742BC /* Frameworks */,
				576A66B31F0459D700F742BC /* Resources */,
			);
			buildRules = (
			);
			dependencies = (
			);
			name = "Minhas Viagens";
			productName = "Minhas Viagens";
			productReference = 576A66B51F0459D700F742BC /* Minhas Viagens.app */;
			productType = "com.apple.product-type.application";
		};
/* End PBXNativeTarget section */

/* Begin PBXProject section */
		576A66AD1F0459D700F742BC /* Project object */ = {
			isa = PBXProject;
			attributes = {
				LastSwiftUpdateCheck = 0830;
				LastUpgradeCheck = 0830;
				ORGANIZATIONNAME = "Daniel Dallagnese";
				TargetAttributes = {
					576A66B41F0459D700F742BC = {
						CreatedOnToolsVersion = 8.3.3;
						DevelopmentTeam = E465NRGJ49;
						ProvisioningStyle = Automatic;
					};
				};
			};
			buildConfigurationList = 576A66B01F0459D700F742BC /* Build configuration list for PBXProject "Minhas Viagens" */;
			compatibilityVersion = "Xcode 3.2";
			developmentRegion = English;
			hasScannedForEncodings = 0;
			knownRegions = (
				en,
				Base,
			);
			mainGroup = 576A66AC1F0459D700F742BC;
			productRefGroup = 576A66B61F0459D700F742BC /* Products */;
			projectDirPath = "";
			projectRoot = "";
			targets = (
				576A66B41F0459D700F742BC /* Minhas Viagens */,
			);
		};
/* End PBXProject section */

/* Begin PBXResourcesBuildPhase section */
		576A66B31F0459D700F742BC /* Resources */ = {
			isa = PBXResourcesBuildPhase;
			buildActionMask = 2147483647;
			files = (
				576A66C31F0459D700F742BC /* LaunchScreen.storyboard in Resources */,
				576A66C01F0459D700F742BC /* Assets.xcassets in Resources */,
				576A66BE1F0459D700F742BC /* Main.storyboard in Resources */,
			);
			runOnlyForDeploymentPostprocessing = 0;
		};
/* End PBXResourcesBuildPhase section */

/* Begin PBXSourcesBuildPhase section */
		576A66B11F0459D700F742BC /* Sources */ = {
			isa = PBXSourcesBuildPhase;
			buildActionMask = 2147483647;
			files = (
				576A66CD1F081E7600F742BC /* ArmazenamentoDados.swift in Sources */,
				576A66BB1F0459D700F742BC /* ViewController.swift in Sources */,
				576A66B91F0459D700F742BC /* AppDelegate.swift in Sources */,
				576A66CB1F05A27900F742BC /* LocaisViagemViewController.swift in Sources */,
			);
			runOnlyForDeploymentPostprocessing = 0;
		};
/* End PBXSourcesBuildPhase section */

/* Begin PBXVariantGroup section */
		576A66BC1F0459D700F742BC /* Main.storyboard */ = {
			isa = PBXVariantGroup;
			children = (
				576A66BD1F0459D700F742BC /* Base */,
			);
			name = Main.storyboard;
			sourceTree = "<group>";
		};
		576A66C11F0459D700F742BC /* LaunchScreen.storyboard */ = {
			isa = PBXVariantGroup;
			children = (
				576A66C21F0459D700F742BC /* Base */,
			);
			name = LaunchScreen.storyboard;
			sourceTree = "<group>";
		};
/* End PBXVariantGroup section */

/* Begin XCBuildConfiguration section */
		576A66C51F0459D700F742BC /* Debug */ = {
			isa = XCBuildConfiguration;
			buildSettings = {
				ALWAYS_SEARCH_USER_PATHS = NO;
				CLANG_ANALYZER_NONNULL = YES;
				CLANG_ANALYZER_NUMBER_OBJECT_CONVERSION = YES_AGGRESSIVE;
				CLANG_CXX_LANGUAGE_STANDARD = "gnu++0x";
				CLANG_CXX_LIBRARY = "libc++";
				CLANG_ENABLE_MODULES = YES;
				CLANG_ENABLE_OBJC_ARC = YES;
				CLANG_WARN_BOOL_CONVERSION = YES;
				CLANG_WARN_CONSTANT_CONVERSION = YES;
				CLANG_WARN_DIRECT_OBJC_ISA_USAGE = YES_ERROR;
				CLANG_WARN_DOCUMENTATION_COMMENTS = YES;
				CLANG_WARN_EMPTY_BODY = YES;
				CLANG_WARN_ENUM_CONVERSION = YES;
				CLANG_WARN_INFINITE_RECURSION = YES;
				CLANG_WARN_INT_CONVERSION = YES;
				CLANG_WARN_OBJC_ROOT_CLASS = YES_ERROR;
				CLANG_WARN_SUSPICIOUS_MOVE = YES;
				CLANG_WARN_UNREACHABLE_CODE = YES;
				CLANG_WARN__DUPLICATE_METHOD_MATCH = YES;
				"CODE_SIGN_IDENTITY[sdk=iphoneos*]" = "iPhone Developer";
				COPY_PHASE_STRIP = NO;
				DEBUG_INFORMATION_FORMAT = dwarf;
				ENABLE_STRICT_OBJC_MSGSEND = YES;
				ENABLE_TESTABILITY = YES;
				GCC_C_LANGUAGE_STANDARD = gnu99;
				GCC_DYNAMIC_NO_PIC = NO;
				GCC_NO_COMMON_BLOCKS = YES;
				GCC_OPTIMIZATION_LEVEL = 0;
				GCC_PREPROCESSOR_DEFINITIONS = (
					"DEBUG=1",
					"$(inherited)",
				);
				GCC_WARN_64_TO_32_BIT_CONVERSION = YES;
				GCC_WARN_ABOUT_RETURN_TYPE = YES_ERROR;
				GCC_WARN_UNDECLARED_SELECTOR = YES;
				GCC_WARN_UNINITIALIZED_AUTOS = YES_AGGRESSIVE;
				GCC_WARN_UNUSED_FUNCTION = YES;
				GCC_WARN_UNUSED_VARIABLE = YES;
				IPHONEOS_DEPLOYMENT_TARGET = 10.3;
				MTL_ENABLE_DEBUG_INFO = YES;
				ONLY_ACTIVE_ARCH = YES;
				SDKROOT = iphoneos;
				SWIFT_ACTIVE_COMPILATION_CONDITIONS = DEBUG;
				SWIFT_OPTIMIZATION_LEVEL = "-Onone";
			};
			name = Debug;
		};
		576A66C61F0459D700F742BC /* Release */ = {
			isa = XCBuildConfiguration;
			buildSettings = {
				ALWAYS_SEARCH_USER_PATHS = NO;
				CLANG_ANALYZER_NONNULL = YES;
				CLANG_ANALYZER_NUMBER_OBJECT_CONVERSION = YES_AGGRESSIVE;
				CLANG_CXX_LANGUAGE_STANDARD = "gnu++0x";
				CLANG_CXX_LIBRARY = "libc++";
				CLANG_ENABLE_MODULES = YES;
				CLANG_ENABLE_OBJC_ARC = YES;
				CLANG_WARN_BOOL_CONVERSION = YES;
				CLANG_WARN_CONSTANT_CONVERSION = YES;
				CLANG_WARN_DIRECT_OBJC_ISA_USAGE = YES_ERROR;
				CLANG_WARN_DOCUMENTATION_COMMENTS = YES;
				CLANG_WARN_EMPTY_BODY = YES;
				CLANG_WARN_ENUM_CONVERSION = YES;
				CLANG_WARN_INFINITE_RECURSION = YES;
				CLANG_WARN_INT_CONVERSION = YES;
				CLANG_WARN_OBJC_ROOT_CLASS = YES_ERROR;
				CLANG_WARN_SUSPICIOUS_MOVE = YES;
				CLANG_WARN_UNREACHABLE_CODE = YES;
				CLANG_WARN__DUPLICATE_METHOD_MATCH = YES;
				"CODE_SIGN_IDENTITY[sdk=iphoneos*]" = "iPhone Developer";
				COPY_PHASE_STRIP = NO;
				DEBUG_INFORMATION_FORMAT = "dwarf-with-dsym";
				ENABLE_NS_ASSERTIONS = NO;
				ENABLE_STRICT_OBJC_MSGSEND = YES;
				GCC_C_LANGUAGE_STANDARD = gnu99;
				GCC_NO_COMMON_BLOCKS = YES;
				GCC_WARN_64_TO_32_BIT_CONVERSION = YES;
				GCC_WARN_ABOUT_RETURN_TYPE = YES_ERROR;
				GCC_WARN_UNDECLARED_SELECTOR = YES;
				GCC_WARN_UNINITIALIZED_AUTOS = YES_AGGRESSIVE;
				GCC_WARN_UNUSED_FUNCTION = YES;
				GCC_WARN_UNUSED_VARIABLE = YES;
				IPHONEOS_DEPLOYMENT_TARGET = 10.3;
				MTL_ENABLE_DEBUG_INFO = NO;
				SDKROOT = iphoneos;
				SWIFT_OPTIMIZATION_LEVEL = "-Owholemodule";
				VALIDATE_PRODUCT = YES;
			};
			name = Release;
		};
		576A66C81F0459D700F742BC /* Debug */ = {
			isa = XCBuildConfiguration;
			buildSettings = {
				ASSETCATALOG_COMPILER_APPICON_NAME = AppIcon;
				DEVELOPMENT_TEAM = E465NRGJ49;
				INFOPLIST_FILE = "Minhas Viagens/Info.plist";
				LD_RUNPATH_SEARCH_PATHS = "$(inherited) @executable_path/Frameworks";
				PRODUCT_BUNDLE_IDENTIFIER = com.cursoios.MinhasViagens;
				PRODUCT_NAME = "$(TARGET_NAME)";
				SWIFT_VERSION = 3.0;
			};
			name = Debug;
		};
		576A66C91F0459D700F742BC /* Release */ = {
			isa = XCBuildConfiguration;
			buildSettings = {
				ASSETCATALOG_COMPILER_APPICON_NAME = AppIcon;
				DEVELOPMENT_TEAM = E465NRGJ49;
				INFOPLIST_FILE = "Minhas Viagens/Info.plist";
				LD_RUNPATH_SEARCH_PATHS = "$(inherited) @executable_path/Frameworks";
				PRODUCT_BUNDLE_IDENTIFIER = com.cursoios.MinhasViagens;
				PRODUCT_NAME = "$(TARGET_NAME)";
				SWIFT_VERSION = 3.0;
			};
			name = Release;
		};
/* End XCBuildConfiguration section */

/* Begin XCConfigurationList section */
		576A66B01F0459D700F742BC /* Build configuration list for PBXProject "Minhas Viagens" */ = {
			isa = XCConfigurationList;
			buildConfigurations = (
				576A66C51F0459D700F742BC /* Debug */,
				576A66C61F0459D700F742BC /* Release */,
			);
			defaultConfigurationIsVisible = 0;
			defaultConfigurationName = Release;
		};
		576A66C71F0459D700F742BC /* Build configuration list for PBXNativeTarget "Minhas Viagens" */ = {
			isa = XCConfigurationList;
			buildConfigurations = (
				576A66C81F0459D700F742BC /* Debug */,
				576A66C91F0459D700F742BC /* Release */,
			);
			defaultConfigurationIsVisible = 0;
		};
/* End XCConfigurationList section */
	};
	rootObject = 576A66AD1F0459D700F742BC /* Project object */;
}
