// !$*UTF8*$!
{
	archiveVersion = 1;
	classes = {
	};
	objectVersion = 46;
	objects = {

/* Begin PBXBuildFile section */
		571590421F0AD90500C61263 /* AppDelegate.swift in Sources */ = {isa = PBXBuildFile; fileRef = 571590411F0AD90500C61263 /* AppDelegate.swift */; };
		571590471F0AD90500C61263 /* Main.storyboard in Resources */ = {isa = PBXBuildFile; fileRef = 571590451F0AD90500C61263 /* Main.storyboard */; };
		5715904A1F0AD90500C61263 /* Notas_Diarias.xcdatamodeld in Sources */ = {isa = PBXBuildFile; fileRef = 571590481F0AD90500C61263 /* Notas_Diarias.xcdatamodeld */; };
		5715904C1F0AD90500C61263 /* Assets.xcassets in Resources */ = {isa = PBXBuildFile; fileRef = 5715904B1F0AD90500C61263 /* Assets.xcassets */; };
		5715904F1F0AD90500C61263 /* LaunchScreen.storyboard in Resources */ = {isa = PBXBuildFile; fileRef = 5715904D1F0AD90500C61263 /* LaunchScreen.storyboard */; };
		571590571F0AE08E00C61263 /* ListaAnotacaoViewController.swift in Sources */ = {isa = PBXBuildFile; fileRef = 571590561F0AE08E00C61263 /* ListaAnotacaoViewController.swift */; };
		5715905D1F0AE53100C61263 /* AnotacaoViewController.swift in Sources */ = {isa = PBXBuildFile; fileRef = 5715905C1F0AE53100C61263 /* AnotacaoViewController.swift */; };
/* End PBXBuildFile section */

/* Begin PBXFileReference section */
		5715903E1F0AD90400C61263 /* Notas Diarias.app */ = {isa = PBXFileReference; explicitFileType = wrapper.application; includeInIndex = 0; path = "Notas Diarias.app"; sourceTree = BUILT_PRODUCTS_DIR; };
		571590411F0AD90500C61263 /* AppDelegate.swift */ = {isa = PBXFileReference; lastKnownFileType = sourcecode.swift; path = AppDelegate.swift; sourceTree = "<group>"; };
		571590461F0AD90500C61263 /* Base */ = {isa = PBXFileReference; lastKnownFileType = file.storyboard; name = Base; path = Base.lproj/Main.storyboard; sourceTree = "<group>"; };
		571590491F0AD90500C61263 /* Notas_Diarias.xcdatamodel */ = {isa = PBXFileReference; lastKnownFileType = wrapper.xcdatamodel; path = Notas_Diarias.xcdatamodel; sourceTree = "<group>"; };
		5715904B1F0AD90500C61263 /* Assets.xcassets */ = {isa = PBXFileReference; lastKnownFileType = folder.assetcatalog; path = Assets.xcassets; sourceTree = "<group>"; };
		5715904E1F0AD90500C61263 /* Base */ = {isa = PBXFileReference; lastKnownFileType = file.storyboard; name = Base; path = Base.lproj/LaunchScreen.storyboard; sourceTree = "<group>"; };
		571590501F0AD90500C61263 /* Info.plist */ = {isa = PBXFileReference; lastKnownFileType = text.plist.xml; path = Info.plist; sourceTree = "<group>"; };
		571590561F0AE08E00C61263 /* ListaAnotacaoViewController.swift */ = {isa = PBXFileReference; fileEncoding = 4; lastKnownFileType = sourcecode.swift; path = ListaAnotacaoViewController.swift; sourceTree = "<group>"; };
		5715905C1F0AE53100C61263 /* AnotacaoViewController.swift */ = {isa = PBXFileReference; fileEncoding = 4; lastKnownFileType = sourcecode.swift; name = AnotacaoViewController.swift; path = ../AnotacaoViewController.swift; sourceTree = "<group>"; };
/* End PBXFileReference section */

/* Begin PBXFrameworksBuildPhase section */
		5715903B1F0AD90400C61263 /* Frameworks */ = {
			isa = PBXFrameworksBuildPhase;
			buildActionMask = 2147483647;
			files = (
			);
			runOnlyForDeploymentPostprocessing = 0;
		};
/* End PBXFrameworksBuildPhase section */

/* Begin PBXGroup section */
		571590351F0AD90400C61263 = {
			isa = PBXGroup;
			children = (
				571590401F0AD90400C61263 /* Notas Diarias */,
				5715903F1F0AD90400C61263 /* Products */,
			);
			sourceTree = "<group>";
		};
		5715903F1F0AD90400C61263 /* Products */ = {
			isa = PBXGroup;
			children = (
				5715903E1F0AD90400C61263 /* Notas Diarias.app */,
			);
			name = Products;
			sourceTree = "<group>";
		};
		571590401F0AD90400C61263 /* Notas Diarias */ = {
			isa = PBXGroup;
			children = (
				571590411F0AD90500C61263 /* AppDelegate.swift */,
				5715905C1F0AE53100C61263 /* AnotacaoViewController.swift */,
				571590561F0AE08E00C61263 /* ListaAnotacaoViewController.swift */,
				571590451F0AD90500C61263 /* Main.storyboard */,
				5715904B1F0AD90500C61263 /* Assets.xcassets */,
				5715904D1F0AD90500C61263 /* LaunchScreen.storyboard */,
				571590501F0AD90500C61263 /* Info.plist */,
				571590481F0AD90500C61263 /* Notas_Diarias.xcdatamodeld */,
			);
			path = "Notas Diarias";
			sourceTree = "<group>";
		};
/* End PBXGroup section */

/* Begin PBXNativeTarget section */
		5715903D1F0AD90400C61263 /* Notas Diarias */ = {
			isa = PBXNativeTarget;
			buildConfigurationList = 571590531F0AD90500C61263 /* Build configuration list for PBXNativeTarget "Notas Diarias" */;
			buildPhases = (
				5715903A1F0AD90400C61263 /* Sources */,
				5715903B1F0AD90400C61263 /* Frameworks */,
				5715903C1F0AD90400C61263 /* Resources */,
			);
			buildRules = (
			);
			dependencies = (
			);
			name = "Notas Diarias";
			productName = "Notas Diarias";
			productReference = 5715903E1F0AD90400C61263 /* Notas Diarias.app */;
			productType = "com.apple.product-type.application";
		};
/* End PBXNativeTarget section */

/* Begin PBXProject section */
		571590361F0AD90400C61263 /* Project object */ = {
			isa = PBXProject;
			attributes = {
				LastSwiftUpdateCheck = 0830;
				LastUpgradeCheck = 0830;
				ORGANIZATIONNAME = "Daniel Dallagnese";
				TargetAttributes = {
					5715903D1F0AD90400C61263 = {
						CreatedOnToolsVersion = 8.3.3;
						DevelopmentTeam = E465NRGJ49;
						ProvisioningStyle = Automatic;
					};
				};
			};
			buildConfigurationList = 571590391F0AD90400C61263 /* Build configuration list for PBXProject "Notas Diarias" */;
			compatibilityVersion = "Xcode 3.2";
			developmentRegion = English;
			hasScannedForEncodings = 0;
			knownRegions = (
				en,
				Base,
			);
			mainGroup = 571590351F0AD90400C61263;
			productRefGroup = 5715903F1F0AD90400C61263 /* Products */;
			projectDirPath = "";
			projectRoot = "";
			targets = (
				5715903D1F0AD90400C61263 /* Notas Diarias */,
			);
		};
/* End PBXProject section */

/* Begin PBXResourcesBuildPhase section */
		5715903C1F0AD90400C61263 /* Resources */ = {
			isa = PBXResourcesBuildPhase;
			buildActionMask = 2147483647;
			files = (
				5715904F1F0AD90500C61263 /* LaunchScreen.storyboard in Resources */,
				5715904C1F0AD90500C61263 /* Assets.xcassets in Resources */,
				571590471F0AD90500C61263 /* Main.storyboard in Resources */,
			);
			runOnlyForDeploymentPostprocessing = 0;
		};
/* End PBXResourcesBuildPhase section */

/* Begin PBXSourcesBuildPhase section */
		5715903A1F0AD90400C61263 /* Sources */ = {
			isa = PBXSourcesBuildPhase;
			buildActionMask = 2147483647;
			files = (
				5715905D1F0AE53100C61263 /* AnotacaoViewController.swift in Sources */,
				5715904A1F0AD90500C61263 /* Notas_Diarias.xcdatamodeld in Sources */,
				571590571F0AE08E00C61263 /* ListaAnotacaoViewController.swift in Sources */,
				571590421F0AD90500C61263 /* AppDelegate.swift in Sources */,
			);
			runOnlyForDeploymentPostprocessing = 0;
		};
/* End PBXSourcesBuildPhase section */

/* Begin PBXVariantGroup section */
		571590451F0AD90500C61263 /* Main.storyboard */ = {
			isa = PBXVariantGroup;
			children = (
				571590461F0AD90500C61263 /* Base */,
			);
			name = Main.storyboard;
			sourceTree = "<group>";
		};
		5715904D1F0AD90500C61263 /* LaunchScreen.storyboard */ = {
			isa = PBXVariantGroup;
			children = (
				5715904E1F0AD90500C61263 /* Base */,
			);
			name = LaunchScreen.storyboard;
			sourceTree = "<group>";
		};
/* End PBXVariantGroup section */

/* Begin XCBuildConfiguration section */
		571590511F0AD90500C61263 /* Debug */ = {
			isa = XCBuildConfiguration;
			buildSettings = {
				ALWAYS_SEARCH_USER_PATHS = NO;
				CLANG_ANALYZER_NONNULL = YES;
				CLANG_ANALYZER_NUMBER_OBJECT_CONVERSION = YES_AGGRESSIVE;
				CLANG_CXX_LANGUAGE_STANDARD = "gnu++0x";
				CLANG_CXX_LIBRARY = "libc++";
				CLANG_ENABLE_MODULES = YES;
				CLANG_ENABLE_OBJC_ARC = YES;
				CLANG_WARN_BOOL_CONVERSION = YES;
				CLANG_WARN_CONSTANT_CONVERSION = YES;
				CLANG_WARN_DIRECT_OBJC_ISA_USAGE = YES_ERROR;
				CLANG_WARN_DOCUMENTATION_COMMENTS = YES;
				CLANG_WARN_EMPTY_BODY = YES;
				CLANG_WARN_ENUM_CONVERSION = YES;
				CLANG_WARN_INFINITE_RECURSION = YES;
				CLANG_WARN_INT_CONVERSION = YES;
				CLANG_WARN_OBJC_ROOT_CLASS = YES_ERROR;
				CLANG_WARN_SUSPICIOUS_MOVE = YES;
				CLANG_WARN_UNREACHABLE_CODE = YES;
				CLANG_WARN__DUPLICATE_METHOD_MATCH = YES;
				"CODE_SIGN_IDENTITY[sdk=iphoneos*]" = "iPhone Developer";
				COPY_PHASE_STRIP = NO;
				DEBUG_INFORMATION_FORMAT = dwarf;
				ENABLE_STRICT_OBJC_MSGSEND = YES;
				ENABLE_TESTABILITY = YES;
				GCC_C_LANGUAGE_STANDARD = gnu99;
				GCC_DYNAMIC_NO_PIC = NO;
				GCC_NO_COMMON_BLOCKS = YES;
				GCC_OPTIMIZATION_LEVEL = 0;
				GCC_PREPROCESSOR_DEFINITIONS = (
					"DEBUG=1",
					"$(inherited)",
				);
				GCC_WARN_64_TO_32_BIT_CONVERSION = YES;
				GCC_WARN_ABOUT_RETURN_TYPE = YES_ERROR;
				GCC_WARN_UNDECLARED_SELECTOR = YES;
				GCC_WARN_UNINITIALIZED_AUTOS = YES_AGGRESSIVE;
				GCC_WARN_UNUSED_FUNCTION = YES;
				GCC_WARN_UNUSED_VARIABLE = YES;
				IPHONEOS_DEPLOYMENT_TARGET = 10.3;
				MTL_ENABLE_DEBUG_INFO = YES;
				ONLY_ACTIVE_ARCH = YES;
				SDKROOT = iphoneos;
				SWIFT_ACTIVE_COMPILATION_CONDITIONS = DEBUG;
				SWIFT_OPTIMIZATION_LEVEL = "-Onone";
			};
			name = Debug;
		};
		571590521F0AD90500C61263 /* Release */ = {
			isa = XCBuildConfiguration;
			buildSettings = {
				ALWAYS_SEARCH_USER_PATHS = NO;
				CLANG_ANALYZER_NONNULL = YES;
				CLANG_ANALYZER_NUMBER_OBJECT_CONVERSION = YES_AGGRESSIVE;
				CLANG_CXX_LANGUAGE_STANDARD = "gnu++0x";
				CLANG_CXX_LIBRARY = "libc++";
				CLANG_ENABLE_MODULES = YES;
				CLANG_ENABLE_OBJC_ARC = YES;
				CLANG_WARN_BOOL_CONVERSION = YES;
				CLANG_WARN_CONSTANT_CONVERSION = YES;
				CLANG_WARN_DIRECT_OBJC_ISA_USAGE = YES_ERROR;
				CLANG_WARN_DOCUMENTATION_COMMENTS = YES;
				CLANG_WARN_EMPTY_BODY = YES;
				CLANG_WARN_ENUM_CONVERSION = YES;
				CLANG_WARN_INFINITE_RECURSION = YES;
				CLANG_WARN_INT_CONVERSION = YES;
				CLANG_WARN_OBJC_ROOT_CLASS = YES_ERROR;
				CLANG_WARN_SUSPICIOUS_MOVE = YES;
				CLANG_WARN_UNREACHABLE_CODE = YES;
				CLANG_WARN__DUPLICATE_METHOD_MATCH = YES;
				"CODE_SIGN_IDENTITY[sdk=iphoneos*]" = "iPhone Developer";
				COPY_PHASE_STRIP = NO;
				DEBUG_INFORMATION_FORMAT = "dwarf-with-dsym";
				ENABLE_NS_ASSERTIONS = NO;
				ENABLE_STRICT_OBJC_MSGSEND = YES;
				GCC_C_LANGUAGE_STANDARD = gnu99;
				GCC_NO_COMMON_BLOCKS = YES;
				GCC_WARN_64_TO_32_BIT_CONVERSION = YES;
				GCC_WARN_ABOUT_RETURN_TYPE = YES_ERROR;
				GCC_WARN_UNDECLARED_SELECTOR = YES;
				GCC_WARN_UNINITIALIZED_AUTOS = YES_AGGRESSIVE;
				GCC_WARN_UNUSED_FUNCTION = YES;
				GCC_WARN_UNUSED_VARIABLE = YES;
				IPHONEOS_DEPLOYMENT_TARGET = 10.3;
				MTL_ENABLE_DEBUG_INFO = NO;
				SDKROOT = iphoneos;
				SWIFT_OPTIMIZATION_LEVEL = "-Owholemodule";
				VALIDATE_PRODUCT = YES;
			};
			name = Release;
		};
		571590541F0AD90500C61263 /* Debug */ = {
			isa = XCBuildConfiguration;
			buildSettings = {
				ASSETCATALOG_COMPILER_APPICON_NAME = AppIcon;
				DEVELOPMENT_TEAM = E465NRGJ49;
				INFOPLIST_FILE = "Notas Diarias/Info.plist";
				LD_RUNPATH_SEARCH_PATHS = "$(inherited) @executable_path/Frameworks";
				PRODUCT_BUNDLE_IDENTIFIER = "com.cursoiosdaniel.Notas-Diarias";
				PRODUCT_NAME = "$(TARGET_NAME)";
				SWIFT_VERSION = 3.0;
			};
			name = Debug;
		};
		571590551F0AD90500C61263 /* Release */ = {
			isa = XCBuildConfiguration;
			buildSettings = {
				ASSETCATALOG_COMPILER_APPICON_NAME = AppIcon;
				DEVELOPMENT_TEAM = E465NRGJ49;
				INFOPLIST_FILE = "Notas Diarias/Info.plist";
				LD_RUNPATH_SEARCH_PATHS = "$(inherited) @executable_path/Frameworks";
				PRODUCT_BUNDLE_IDENTIFIER = "com.cursoiosdaniel.Notas-Diarias";
				PRODUCT_NAME = "$(TARGET_NAME)";
				SWIFT_VERSION = 3.0;
			};
			name = Release;
		};
/* End XCBuildConfiguration section */

/* Begin XCConfigurationList section */
		571590391F0AD90400C61263 /* Build configuration list for PBXProject "Notas Diarias" */ = {
			isa = XCConfigurationList;
			buildConfigurations = (
				571590511F0AD90500C61263 /* Debug */,
				571590521F0AD90500C61263 /* Release */,
			);
			defaultConfigurationIsVisible = 0;
			defaultConfigurationName = Release;
		};
		571590531F0AD90500C61263 /* Build configuration list for PBXNativeTarget "Notas Diarias" */ = {
			isa = XCConfigurationList;
			buildConfigurations = (
				571590541F0AD90500C61263 /* Debug */,
				571590551F0AD90500C61263 /* Release */,
			);
			defaultConfigurationIsVisible = 0;
		};
/* End XCConfigurationList section */

/* Begin XCVersionGroup section */
		571590481F0AD90500C61263 /* Notas_Diarias.xcdatamodeld */ = {
			isa = XCVersionGroup;
			children = (
				571590491F0AD90500C61263 /* Notas_Diarias.xcdatamodel */,
			);
			currentVersion = 571590491F0AD90500C61263 /* Notas_Diarias.xcdatamodel */;
			path = Notas_Diarias.xcdatamodeld;
			sourceTree = "<group>";
			versionGroupType = wrapper.xcdatamodel;
		};
/* End XCVersionGroup section */
	};
	rootObject = 571590361F0AD90400C61263 /* Project object */;
}
