// !$*UTF8*$!
{
	archiveVersion = 1;
	classes = {
	};
	objectVersion = 46;
	objects = {

/* Begin PBXBuildFile section */
		57DD01501F16B51D00441B3A /* AppDelegate.swift in Sources */ = {isa = PBXBuildFile; fileRef = 57DD014F1F16B51D00441B3A /* AppDelegate.swift */; };
		57DD01521F16B51D00441B3A /* ViewController.swift in Sources */ = {isa = PBXBuildFile; fileRef = 57DD01511F16B51D00441B3A /* ViewController.swift */; };
		57DD01551F16B51D00441B3A /* Main.storyboard in Resources */ = {isa = PBXBuildFile; fileRef = 57DD01531F16B51D00441B3A /* Main.storyboard */; };
		57DD01571F16B51D00441B3A /* Assets.xcassets in Resources */ = {isa = PBXBuildFile; fileRef = 57DD01561F16B51D00441B3A /* Assets.xcassets */; };
		57DD015A1F16B51D00441B3A /* LaunchScreen.storyboard in Resources */ = {isa = PBXBuildFile; fileRef = 57DD01581F16B51D00441B3A /* LaunchScreen.storyboard */; };
		57DD01631F16B5CD00441B3A /* bach.mp3 in Resources */ = {isa = PBXBuildFile; fileRef = 57DD01621F16B5CD00441B3A /* bach.mp3 */; };
/* End PBXBuildFile section */

/* Begin PBXFileReference section */
		57DD014C1F16B51D00441B3A /* Player som.app */ = {isa = PBXFileReference; explicitFileType = wrapper.application; includeInIndex = 0; path = "Player som.app"; sourceTree = BUILT_PRODUCTS_DIR; };
		57DD014F1F16B51D00441B3A /* AppDelegate.swift */ = {isa = PBXFileReference; lastKnownFileType = sourcecode.swift; path = AppDelegate.swift; sourceTree = "<group>"; };
		57DD01511F16B51D00441B3A /* ViewController.swift */ = {isa = PBXFileReference; lastKnownFileType = sourcecode.swift; path = ViewController.swift; sourceTree = "<group>"; };
		57DD01541F16B51D00441B3A /* Base */ = {isa = PBXFileReference; lastKnownFileType = file.storyboard; name = Base; path = Base.lproj/Main.storyboard; sourceTree = "<group>"; };
		57DD01561F16B51D00441B3A /* Assets.xcassets */ = {isa = PBXFileReference; lastKnownFileType = folder.assetcatalog; path = Assets.xcassets; sourceTree = "<group>"; };
		57DD01591F16B51D00441B3A /* Base */ = {isa = PBXFileReference; lastKnownFileType = file.storyboard; name = Base; path = Base.lproj/LaunchScreen.storyboard; sourceTree = "<group>"; };
		57DD015B1F16B51D00441B3A /* Info.plist */ = {isa = PBXFileReference; lastKnownFileType = text.plist.xml; path = Info.plist; sourceTree = "<group>"; };
		57DD01621F16B5CD00441B3A /* bach.mp3 */ = {isa = PBXFileReference; lastKnownFileType = audio.mp3; path = bach.mp3; sourceTree = "<group>"; };
/* End PBXFileReference section */

/* Begin PBXFrameworksBuildPhase section */
		57DD01491F16B51D00441B3A /* Frameworks */ = {
			isa = PBXFrameworksBuildPhase;
			buildActionMask = 2147483647;
			files = (
			);
			runOnlyForDeploymentPostprocessing = 0;
		};
/* End PBXFrameworksBuildPhase section */

/* Begin PBXGroup section */
		57DD01431F16B51D00441B3A = {
			isa = PBXGroup;
			children = (
				57DD014E1F16B51D00441B3A /* Player som */,
				57DD014D1F16B51D00441B3A /* Products */,
			);
			sourceTree = "<group>";
		};
		57DD014D1F16B51D00441B3A /* Products */ = {
			isa = PBXGroup;
			children = (
				57DD014C1F16B51D00441B3A /* Player som.app */,
			);
			name = Products;
			sourceTree = "<group>";
		};
		57DD014E1F16B51D00441B3A /* Player som */ = {
			isa = PBXGroup;
			children = (
				57DD01611F16B5A200441B3A /* Sons */,
				57DD014F1F16B51D00441B3A /* AppDelegate.swift */,
				57DD01511F16B51D00441B3A /* ViewController.swift */,
				57DD01531F16B51D00441B3A /* Main.storyboard */,
				57DD01561F16B51D00441B3A /* Assets.xcassets */,
				57DD01581F16B51D00441B3A /* LaunchScreen.storyboard */,
				57DD015B1F16B51D00441B3A /* Info.plist */,
			);
			path = "Player som";
			sourceTree = "<group>";
		};
		57DD01611F16B5A200441B3A /* Sons */ = {
			isa = PBXGroup;
			children = (
				57DD01621F16B5CD00441B3A /* bach.mp3 */,
			);
			name = Sons;
			sourceTree = "<group>";
		};
/* End PBXGroup section */

/* Begin PBXNativeTarget section */
		57DD014B1F16B51D00441B3A /* Player som */ = {
			isa = PBXNativeTarget;
			buildConfigurationList = 57DD015E1F16B51D00441B3A /* Build configuration list for PBXNativeTarget "Player som" */;
			buildPhases = (
				57DD01481F16B51D00441B3A /* Sources */,
				57DD01491F16B51D00441B3A /* Frameworks */,
				57DD014A1F16B51D00441B3A /* Resources */,
			);
			buildRules = (
			);
			dependencies = (
			);
			name = "Player som";
			productName = "Player som";
			productReference = 57DD014C1F16B51D00441B3A /* Player som.app */;
			productType = "com.apple.product-type.application";
		};
/* End PBXNativeTarget section */

/* Begin PBXProject section */
		57DD01441F16B51D00441B3A /* Project object */ = {
			isa = PBXProject;
			attributes = {
				LastSwiftUpdateCheck = 0830;
				LastUpgradeCheck = 0830;
				ORGANIZATIONNAME = "Daniel Dallagnese";
				TargetAttributes = {
					57DD014B1F16B51D00441B3A = {
						CreatedOnToolsVersion = 8.3.3;
						DevelopmentTeam = E465NRGJ49;
						ProvisioningStyle = Automatic;
					};
				};
			};
			buildConfigurationList = 57DD01471F16B51D00441B3A /* Build configuration list for PBXProject "Player som" */;
			compatibilityVersion = "Xcode 3.2";
			developmentRegion = English;
			hasScannedForEncodings = 0;
			knownRegions = (
				en,
				Base,
			);
			mainGroup = 57DD01431F16B51D00441B3A;
			productRefGroup = 57DD014D1F16B51D00441B3A /* Products */;
			projectDirPath = "";
			projectRoot = "";
			targets = (
				57DD014B1F16B51D00441B3A /* Player som */,
			);
		};
/* End PBXProject section */

/* Begin PBXResourcesBuildPhase section */
		57DD014A1F16B51D00441B3A /* Resources */ = {
			isa = PBXResourcesBuildPhase;
			buildActionMask = 2147483647;
			files = (
				57DD01631F16B5CD00441B3A /* bach.mp3 in Resources */,
				57DD015A1F16B51D00441B3A /* LaunchScreen.storyboard in Resources */,
				57DD01571F16B51D00441B3A /* Assets.xcassets in Resources */,
				57DD01551F16B51D00441B3A /* Main.storyboard in Resources */,
			);
			runOnlyForDeploymentPostprocessing = 0;
		};
/* End PBXResourcesBuildPhase section */

/* Begin PBXSourcesBuildPhase section */
		57DD01481F16B51D00441B3A /* Sources */ = {
			isa = PBXSourcesBuildPhase;
			buildActionMask = 2147483647;
			files = (
				57DD01521F16B51D00441B3A /* ViewController.swift in Sources */,
				57DD01501F16B51D00441B3A /* AppDelegate.swift in Sources */,
			);
			runOnlyForDeploymentPostprocessing = 0;
		};
/* End PBXSourcesBuildPhase section */

/* Begin PBXVariantGroup section */
		57DD01531F16B51D00441B3A /* Main.storyboard */ = {
			isa = PBXVariantGroup;
			children = (
				57DD01541F16B51D00441B3A /* Base */,
			);
			name = Main.storyboard;
			sourceTree = "<group>";
		};
		57DD01581F16B51D00441B3A /* LaunchScreen.storyboard */ = {
			isa = PBXVariantGroup;
			children = (
				57DD01591F16B51D00441B3A /* Base */,
			);
			name = LaunchScreen.storyboard;
			sourceTree = "<group>";
		};
/* End PBXVariantGroup section */

/* Begin XCBuildConfiguration section */
		57DD015C1F16B51D00441B3A /* Debug */ = {
			isa = XCBuildConfiguration;
			buildSettings = {
				ALWAYS_SEARCH_USER_PATHS = NO;
				CLANG_ANALYZER_NONNULL = YES;
				CLANG_ANALYZER_NUMBER_OBJECT_CONVERSION = YES_AGGRESSIVE;
				CLANG_CXX_LANGUAGE_STANDARD = "gnu++0x";
				CLANG_CXX_LIBRARY = "libc++";
				CLANG_ENABLE_MODULES = YES;
				CLANG_ENABLE_OBJC_ARC = YES;
				CLANG_WARN_BOOL_CONVERSION = YES;
				CLANG_WARN_CONSTANT_CONVERSION = YES;
				CLANG_WARN_DIRECT_OBJC_ISA_USAGE = YES_ERROR;
				CLANG_WARN_DOCUMENTATION_COMMENTS = YES;
				CLANG_WARN_EMPTY_BODY = YES;
				CLANG_WARN_ENUM_CONVERSION = YES;
				CLANG_WARN_INFINITE_RECURSION = YES;
				CLANG_WARN_INT_CONVERSION = YES;
				CLANG_WARN_OBJC_ROOT_CLASS = YES_ERROR;
				CLANG_WARN_SUSPICIOUS_MOVE = YES;
				CLANG_WARN_UNREACHABLE_CODE = YES;
				CLANG_WARN__DUPLICATE_METHOD_MATCH = YES;
				"CODE_SIGN_IDENTITY[sdk=iphoneos*]" = "iPhone Developer";
				COPY_PHASE_STRIP = NO;
				DEBUG_INFORMATION_FORMAT = dwarf;
				ENABLE_STRICT_OBJC_MSGSEND = YES;
				ENABLE_TESTABILITY = YES;
				GCC_C_LANGUAGE_STANDARD = gnu99;
				GCC_DYNAMIC_NO_PIC = NO;
				GCC_NO_COMMON_BLOCKS = YES;
				GCC_OPTIMIZATION_LEVEL = 0;
				GCC_PREPROCESSOR_DEFINITIONS = (
					"DEBUG=1",
					"$(inherited)",
				);
				GCC_WARN_64_TO_32_BIT_CONVERSION = YES;
				GCC_WARN_ABOUT_RETURN_TYPE = YES_ERROR;
				GCC_WARN_UNDECLARED_SELECTOR = YES;
				GCC_WARN_UNINITIALIZED_AUTOS = YES_AGGRESSIVE;
				GCC_WARN_UNUSED_FUNCTION = YES;
				GCC_WARN_UNUSED_VARIABLE = YES;
				IPHONEOS_DEPLOYMENT_TARGET = 10.3;
				MTL_ENABLE_DEBUG_INFO = YES;
				ONLY_ACTIVE_ARCH = YES;
				SDKROOT = iphoneos;
				SWIFT_ACTIVE_COMPILATION_CONDITIONS = DEBUG;
				SWIFT_OPTIMIZATION_LEVEL = "-Onone";
			};
			name = Debug;
		};
		57DD015D1F16B51D00441B3A /* Release */ = {
			isa = XCBuildConfiguration;
			buildSettings = {
				ALWAYS_SEARCH_USER_PATHS = NO;
				CLANG_ANALYZER_NONNULL = YES;
				CLANG_ANALYZER_NUMBER_OBJECT_CONVERSION = YES_AGGRESSIVE;
				CLANG_CXX_LANGUAGE_STANDARD = "gnu++0x";
				CLANG_CXX_LIBRARY = "libc++";
				CLANG_ENABLE_MODULES = YES;
				CLANG_ENABLE_OBJC_ARC = YES;
				CLANG_WARN_BOOL_CONVERSION = YES;
				CLANG_WARN_CONSTANT_CONVERSION = YES;
				CLANG_WARN_DIRECT_OBJC_ISA_USAGE = YES_ERROR;
				CLANG_WARN_DOCUMENTATION_COMMENTS = YES;
				CLANG_WARN_EMPTY_BODY = YES;
				CLANG_WARN_ENUM_CONVERSION = YES;
				CLANG_WARN_INFINITE_RECURSION = YES;
				CLANG_WARN_INT_CONVERSION = YES;
				CLANG_WARN_OBJC_ROOT_CLASS = YES_ERROR;
				CLANG_WARN_SUSPICIOUS_MOVE = YES;
				CLANG_WARN_UNREACHABLE_CODE = YES;
				CLANG_WARN__DUPLICATE_METHOD_MATCH = YES;
				"CODE_SIGN_IDENTITY[sdk=iphoneos*]" = "iPhone Developer";
				COPY_PHASE_STRIP = NO;
				DEBUG_INFORMATION_FORMAT = "dwarf-with-dsym";
				ENABLE_NS_ASSERTIONS = NO;
				ENABLE_STRICT_OBJC_MSGSEND = YES;
				GCC_C_LANGUAGE_STANDARD = gnu99;
				GCC_NO_COMMON_BLOCKS = YES;
				GCC_WARN_64_TO_32_BIT_CONVERSION = YES;
				GCC_WARN_ABOUT_RETURN_TYPE = YES_ERROR;
				GCC_WARN_UNDECLARED_SELECTOR = YES;
				GCC_WARN_UNINITIALIZED_AUTOS = YES_AGGRESSIVE;
				GCC_WARN_UNUSED_FUNCTION = YES;
				GCC_WARN_UNUSED_VARIABLE = YES;
				IPHONEOS_DEPLOYMENT_TARGET = 10.3;
				MTL_ENABLE_DEBUG_INFO = NO;
				SDKROOT = iphoneos;
				SWIFT_OPTIMIZATION_LEVEL = "-Owholemodule";
				VALIDATE_PRODUCT = YES;
			};
			name = Release;
		};
		57DD015F1F16B51D00441B3A /* Debug */ = {
			isa = XCBuildConfiguration;
			buildSettings = {
				ASSETCATALOG_COMPILER_APPICON_NAME = AppIcon;
				DEVELOPMENT_TEAM = E465NRGJ49;
				INFOPLIST_FILE = "Player som/Info.plist";
				LD_RUNPATH_SEARCH_PATHS = "$(inherited) @executable_path/Frameworks";
				PRODUCT_BUNDLE_IDENTIFIER = "com.cursoiosdaniel.Player-som";
				PRODUCT_NAME = "$(TARGET_NAME)";
				SWIFT_VERSION = 3.0;
			};
			name = Debug;
		};
		57DD01601F16B51D00441B3A /* Release */ = {
			isa = XCBuildConfiguration;
			buildSettings = {
				ASSETCATALOG_COMPILER_APPICON_NAME = AppIcon;
				DEVELOPMENT_TEAM = E465NRGJ49;
				INFOPLIST_FILE = "Player som/Info.plist";
				LD_RUNPATH_SEARCH_PATHS = "$(inherited) @executable_path/Frameworks";
				PRODUCT_BUNDLE_IDENTIFIER = "com.cursoiosdaniel.Player-som";
				PRODUCT_NAME = "$(TARGET_NAME)";
				SWIFT_VERSION = 3.0;
			};
			name = Release;
		};
/* End XCBuildConfiguration section */

/* Begin XCConfigurationList section */
		57DD01471F16B51D00441B3A /* Build configuration list for PBXProject "Player som" */ = {
			isa = XCConfigurationList;
			buildConfigurations = (
				57DD015C1F16B51D00441B3A /* Debug */,
				57DD015D1F16B51D00441B3A /* Release */,
			);
			defaultConfigurationIsVisible = 0;
			defaultConfigurationName = Release;
		};
		57DD015E1F16B51D00441B3A /* Build configuration list for PBXNativeTarget "Player som" */ = {
			isa = XCConfigurationList;
			buildConfigurations = (
				57DD015F1F16B51D00441B3A /* Debug */,
				57DD01601F16B51D00441B3A /* Release */,
			);
			defaultConfigurationIsVisible = 0;
		};
/* End XCConfigurationList section */
	};
	rootObject = 57DD01441F16B51D00441B3A /* Project object */;
}
